
Microsoft Visual Studio Solution File, Format Version 12.00
# Visual Studio 2013
VisualStudioVersion = 12.0.31101.0
MinimumVisualStudioVersion = 10.0.40219.1
Project("{FAE04EC0-301F-11D3-BF4B-00C04F79EFBC}") = "SecretariaControl.WebApp", "SecretariaControl.WebApp\SecretariaControl.WebApp.csproj", "{7CD1606C-F268-4EB7-8F62-3894EE7782C2}"
EndProject
Project("{2150E333-8FDC-42A3-9474-1A3956D46DE8}") = "Solution Items", "Solution Items", "{918672C6-9BE0-4545-8263-F2837ECE143F}"
	ProjectSection(SolutionItems) = preProject
		WE-browsers.xml = WE-browsers.xml
	EndProjectSection
EndProject
Project("{00D1A9C2-B5F0-4AF3-8072-F6C62B433612}") = "SecretariaControl.Database", "SecretariaControl.Database\SecretariaControl.Database.sqlproj", "{C655D386-3948-4F36-88D0-2319C9B1B866}"
EndProject
Project("{FAE04EC0-301F-11D3-BF4B-00C04F79EFBC}") = "SecretariaControl.DataAccess", "SecretariaControl.DataAccess\SecretariaControl.DataAccess.csproj", "{150E6A53-2326-4117-8EC9-A7D51B273124}"
EndProject
Project("{2150E333-8FDC-42A3-9474-1A3956D46DE8}") = ".nuget", ".nuget", "{9DE5D912-C245-4FEF-82E5-94D40AE60624}"
	ProjectSection(SolutionItems) = preProject
		.nuget\NuGet.Config = .nuget\NuGet.Config
		.nuget\NuGet.exe = .nuget\NuGet.exe
		.nuget\NuGet.targets = .nuget\NuGet.targets
	EndProjectSection
EndProject
Global
	GlobalSection(TeamFoundationVersionControl) = preSolution
		SccNumberOfProjects = 3
		SccEnterpriseProvider = {4CA58AB2-18FA-4F8D-95D4-32DDF27D184C}
		SccTeamFoundationServer = https://rafaelnbezerra.visualstudio.com/defaultcollection
		SccProjectUniqueName0 = SecretariaControl.Database\\SecretariaControl.Database.sqlproj
		SccProjectName0 = SecretariaControl.Database
		SccAuxPath0 = https://rafaelnbezerra.visualstudio.com/defaultcollection
		SccLocalPath0 = SecretariaControl.Database
		SccProvider0 = {4CA58AB2-18FA-4F8D-95D4-32DDF27D184C}
		SccProjectUniqueName1 = SecretariaControl.DataAccess\\SecretariaControl.DataAccess.csproj
		SccProjectName1 = SecretariaControl.DataAccess
		SccAuxPath1 = https://rafaelnbezerra.visualstudio.com/defaultcollection
		SccLocalPath1 = SecretariaControl.DataAccess
		SccProvider1 = {4CA58AB2-18FA-4F8D-95D4-32DDF27D184C}
		SccProjectUniqueName2 = SecretariaControl.WebApp\\SecretariaControl.WebApp.csproj
		SccProjectName2 = SecretariaControl.WebApp
		SccAuxPath2 = https://rafaelnbezerra.visualstudio.com/defaultcollection
		SccLocalPath2 = SecretariaControl.WebApp
		SccProvider2 = {4CA58AB2-18FA-4F8D-95D4-32DDF27D184C}
	EndGlobalSection
	GlobalSection(SolutionConfigurationPlatforms) = preSolution
		ADRIELLE|Any CPU = ADRIELLE|Any CPU
		ADRIELLE|x86 = ADRIELLE|x86
		Debug|Any CPU = Debug|Any CPU
		Debug|x86 = Debug|x86
		LOCAL_RS|Any CPU = LOCAL_RS|Any CPU
		LOCAL_RS|x86 = LOCAL_RS|x86
		RAFAEL|Any CPU = RAFAEL|Any CPU
		RAFAEL|x86 = RAFAEL|x86
		Release|Any CPU = Release|Any CPU
		Release|x86 = Release|x86
	EndGlobalSection
	GlobalSection(ProjectConfigurationPlatforms) = postSolution
		{7CD1606C-F268-4EB7-8F62-3894EE7782C2}.ADRIELLE|Any CPU.ActiveCfg = ADRIELLE|Any CPU
		{7CD1606C-F268-4EB7-8F62-3894EE7782C2}.ADRIELLE|Any CPU.Build.0 = ADRIELLE|Any CPU
		{7CD1606C-F268-4EB7-8F62-3894EE7782C2}.ADRIELLE|x86.ActiveCfg = ADRIELLE|Any CPU
		{7CD1606C-F268-4EB7-8F62-3894EE7782C2}.Debug|Any CPU.ActiveCfg = Debug|Any CPU
		{7CD1606C-F268-4EB7-8F62-3894EE7782C2}.Debug|Any CPU.Build.0 = Debug|Any CPU
		{7CD1606C-F268-4EB7-8F62-3894EE7782C2}.Debug|x86.ActiveCfg = Debug|Any CPU
		{7CD1606C-F268-4EB7-8F62-3894EE7782C2}.Debug|x86.Build.0 = Debug|Any CPU
		{7CD1606C-F268-4EB7-8F62-3894EE7782C2}.LOCAL_RS|Any CPU.ActiveCfg = LOCAL_RS|Any CPU
		{7CD1606C-F268-4EB7-8F62-3894EE7782C2}.LOCAL_RS|Any CPU.Build.0 = LOCAL_RS|Any CPU
		{7CD1606C-F268-4EB7-8F62-3894EE7782C2}.LOCAL_RS|x86.ActiveCfg = LOCAL_RS|Any CPU
		{7CD1606C-F268-4EB7-8F62-3894EE7782C2}.RAFAEL|Any CPU.ActiveCfg = RAFAEL|Any CPU
		{7CD1606C-F268-4EB7-8F62-3894EE7782C2}.RAFAEL|Any CPU.Build.0 = RAFAEL|Any CPU
		{7CD1606C-F268-4EB7-8F62-3894EE7782C2}.RAFAEL|x86.ActiveCfg = RAFAEL|Any CPU
		{7CD1606C-F268-4EB7-8F62-3894EE7782C2}.Release|Any CPU.ActiveCfg = Debug|Any CPU
		{7CD1606C-F268-4EB7-8F62-3894EE7782C2}.Release|Any CPU.Build.0 = Debug|Any CPU
		{7CD1606C-F268-4EB7-8F62-3894EE7782C2}.Release|x86.ActiveCfg = Release|Any CPU
		{C655D386-3948-4F36-88D0-2319C9B1B866}.ADRIELLE|Any CPU.ActiveCfg = Release|Any CPU
		{C655D386-3948-4F36-88D0-2319C9B1B866}.ADRIELLE|Any CPU.Build.0 = Release|Any CPU
		{C655D386-3948-4F36-88D0-2319C9B1B866}.ADRIELLE|Any CPU.Deploy.0 = Release|Any CPU
		{C655D386-3948-4F36-88D0-2319C9B1B866}.ADRIELLE|x86.ActiveCfg = Release|x86
		{C655D386-3948-4F36-88D0-2319C9B1B866}.ADRIELLE|x86.Build.0 = Release|x86
		{C655D386-3948-4F36-88D0-2319C9B1B866}.ADRIELLE|x86.Deploy.0 = Release|x86
		{C655D386-3948-4F36-88D0-2319C9B1B866}.Debug|Any CPU.ActiveCfg = Debug|Any CPU
		{C655D386-3948-4F36-88D0-2319C9B1B866}.Debug|Any CPU.Build.0 = Debug|Any CPU
		{C655D386-3948-4F36-88D0-2319C9B1B866}.Debug|Any CPU.Deploy.0 = Debug|Any CPU
		{C655D386-3948-4F36-88D0-2319C9B1B866}.Debug|x86.ActiveCfg = Debug|x86
		{C655D386-3948-4F36-88D0-2319C9B1B866}.Debug|x86.Build.0 = Debug|x86
		{C655D386-3948-4F36-88D0-2319C9B1B866}.Debug|x86.Deploy.0 = Debug|x86
		{C655D386-3948-4F36-88D0-2319C9B1B866}.LOCAL_RS|Any CPU.ActiveCfg = LOCAL_RS|Any CPU
		{C655D386-3948-4F36-88D0-2319C9B1B866}.LOCAL_RS|Any CPU.Build.0 = LOCAL_RS|Any CPU
		{C655D386-3948-4F36-88D0-2319C9B1B866}.LOCAL_RS|Any CPU.Deploy.0 = LOCAL_RS|Any CPU
		{C655D386-3948-4F36-88D0-2319C9B1B866}.LOCAL_RS|x86.ActiveCfg = LOCAL_RS|x86
		{C655D386-3948-4F36-88D0-2319C9B1B866}.LOCAL_RS|x86.Build.0 = LOCAL_RS|x86
		{C655D386-3948-4F36-88D0-2319C9B1B866}.LOCAL_RS|x86.Deploy.0 = LOCAL_RS|x86
		{C655D386-3948-4F36-88D0-2319C9B1B866}.RAFAEL|Any CPU.ActiveCfg = RAFAEL|Any CPU
		{C655D386-3948-4F36-88D0-2319C9B1B866}.RAFAEL|Any CPU.Build.0 = RAFAEL|Any CPU
		{C655D386-3948-4F36-88D0-2319C9B1B866}.RAFAEL|Any CPU.Deploy.0 = RAFAEL|Any CPU
		{C655D386-3948-4F36-88D0-2319C9B1B866}.RAFAEL|x86.ActiveCfg = RAFAEL|x86
		{C655D386-3948-4F36-88D0-2319C9B1B866}.RAFAEL|x86.Build.0 = RAFAEL|x86
		{C655D386-3948-4F36-88D0-2319C9B1B866}.RAFAEL|x86.Deploy.0 = RAFAEL|x86
		{C655D386-3948-4F36-88D0-2319C9B1B866}.Release|Any CPU.ActiveCfg = Debug|Any CPU
		{C655D386-3948-4F36-88D0-2319C9B1B866}.Release|Any CPU.Build.0 = Debug|Any CPU
		{C655D386-3948-4F36-88D0-2319C9B1B866}.Release|Any CPU.Deploy.0 = Debug|Any CPU
		{C655D386-3948-4F36-88D0-2319C9B1B866}.Release|x86.ActiveCfg = Release|x86
		{C655D386-3948-4F36-88D0-2319C9B1B866}.Release|x86.Build.0 = Release|x86
		{C655D386-3948-4F36-88D0-2319C9B1B866}.Release|x86.Deploy.0 = Release|x86
		{150E6A53-2326-4117-8EC9-A7D51B273124}.ADRIELLE|Any CPU.ActiveCfg = ADRIELLE|Any CPU
		{150E6A53-2326-4117-8EC9-A7D51B273124}.ADRIELLE|Any CPU.Build.0 = ADRIELLE|Any CPU
		{150E6A53-2326-4117-8EC9-A7D51B273124}.ADRIELLE|x86.ActiveCfg = ADRIELLE|Any CPU
		{150E6A53-2326-4117-8EC9-A7D51B273124}.Debug|Any CPU.ActiveCfg = Debug|Any CPU
		{150E6A53-2326-4117-8EC9-A7D51B273124}.Debug|Any CPU.Build.0 = Debug|Any CPU
		{150E6A53-2326-4117-8EC9-A7D51B273124}.Debug|x86.ActiveCfg = Debug|Any CPU
		{150E6A53-2326-4117-8EC9-A7D51B273124}.Debug|x86.Build.0 = Debug|Any CPU
		{150E6A53-2326-4117-8EC9-A7D51B273124}.LOCAL_RS|Any CPU.ActiveCfg = LOCAL_RS|Any CPU
		{150E6A53-2326-4117-8EC9-A7D51B273124}.LOCAL_RS|Any CPU.Build.0 = LOCAL_RS|Any CPU
		{150E6A53-2326-4117-8EC9-A7D51B273124}.LOCAL_RS|x86.ActiveCfg = LOCAL_RS|Any CPU
		{150E6A53-2326-4117-8EC9-A7D51B273124}.RAFAEL|Any CPU.ActiveCfg = RAFAEL|Any CPU
		{150E6A53-2326-4117-8EC9-A7D51B273124}.RAFAEL|Any CPU.Build.0 = RAFAEL|Any CPU
		{150E6A53-2326-4117-8EC9-A7D51B273124}.RAFAEL|x86.ActiveCfg = RAFAEL|Any CPU
		{150E6A53-2326-4117-8EC9-A7D51B273124}.Release|Any CPU.ActiveCfg = Debug|Any CPU
		{150E6A53-2326-4117-8EC9-A7D51B273124}.Release|Any CPU.Build.0 = Debug|Any CPU
		{150E6A53-2326-4117-8EC9-A7D51B273124}.Release|x86.ActiveCfg = Release|Any CPU
	EndGlobalSection
	GlobalSection(SolutionProperties) = preSolution
		HideSolutionNode = FALSE
	EndGlobalSection
EndGlobal
